
Microsoft Visual Studio Solution File, Format Version 12.00
# Visual Studio Version 17
VisualStudioVersion = 17.3.32825.248
MinimumVisualStudioVersion = 10.0.40219.1
Project("{FAE04EC0-301F-11D3-BF4B-00C04F79EFBC}") = "Week13", "Week13\Week13.csproj", "{AA554F88-B3B2-4DDD-B1AF-2D7C53A849D1}"
EndProject
Global
	GlobalSection(SolutionConfigurationPlatforms) = preSolution
		Debug|Any CPU = Debug|Any CPU
		Release|Any CPU = Release|Any CPU
	EndGlobalSection
	GlobalSection(ProjectConfigurationPlatforms) = postSolution
		{AA554F88-B3B2-4DDD-B1AF-2D7C53A849D1}.Debug|Any CPU.ActiveCfg = Debug|Any CPU
		{AA554F88-B3B2-4DDD-B1AF-2D7C53A849D1}.Debug|Any CPU.Build.0 = Debug|Any CPU
		{AA554F88-B3B2-4DDD-B1AF-2D7C53A849D1}.Release|Any CPU.ActiveCfg = Release|Any CPU
		{AA554F88-B3B2-4DDD-B1AF-2D7C53A849D1}.Release|Any CPU.Build.0 = Release|Any CPU
	EndGlobalSection
	GlobalSection(SolutionProperties) = preSolution
		HideSolutionNode = FALSE
	EndGlobalSection
	GlobalSection(ExtensibilityGlobals) = postSolution
		SolutionGuid = {10CBBFE9-08D2-475E-BAB1-F7D46A5BBF98}
	EndGlobalSection
EndGlobal
